// !$*UTF8*$!
{
	archiveVersion = 1;
	classes = {
	};
	objectVersion = 46;
	objects = {

/* Begin PBXBuildFile section */
		C93450C41A995FDE00E9922E /* AppDelegate.swift in Sources */ = {isa = PBXBuildFile; fileRef = C93450C31A995FDE00E9922E /* AppDelegate.swift */; };
		C93450C61A995FDE00E9922E /* ViewController.swift in Sources */ = {isa = PBXBuildFile; fileRef = C93450C51A995FDE00E9922E /* ViewController.swift */; };
		C93450C91A995FDE00E9922E /* Main.storyboard in Resources */ = {isa = PBXBuildFile; fileRef = C93450C71A995FDE00E9922E /* Main.storyboard */; };
		C93450CB1A995FDE00E9922E /* Images.xcassets in Resources */ = {isa = PBXBuildFile; fileRef = C93450CA1A995FDE00E9922E /* Images.xcassets */; };
		C93450CE1A995FDE00E9922E /* LaunchScreen.xib in Resources */ = {isa = PBXBuildFile; fileRef = C93450CC1A995FDE00E9922E /* LaunchScreen.xib */; };
		C93450DA1A995FDE00E9922E /* CFandNSandStringTestsTests.swift in Sources */ = {isa = PBXBuildFile; fileRef = C93450D91A995FDE00E9922E /* CFandNSandStringTestsTests.swift */; };
/* End PBXBuildFile section */

/* Begin PBXContainerItemProxy section */
		C93450D41A995FDE00E9922E /* PBXContainerItemProxy */ = {
			isa = PBXContainerItemProxy;
			containerPortal = C93450B61A995FDE00E9922E /* Project object */;
			proxyType = 1;
			remoteGlobalIDString = C93450BD1A995FDE00E9922E;
			remoteInfo = CFandNSandStringTests;
		};
/* End PBXContainerItemProxy section */

/* Begin PBXFileReference section */
		C93450BE1A995FDE00E9922E /* CFandNSandStringTests.app */ = {isa = PBXFileReference; explicitFileType = wrapper.application; includeInIndex = 0; path = CFandNSandStringTests.app; sourceTree = BUILT_PRODUCTS_DIR; };
		C93450C21A995FDE00E9922E /* Info.plist */ = {isa = PBXFileReference; lastKnownFileType = text.plist.xml; path = Info.plist; sourceTree = "<group>"; };
		C93450C31A995FDE00E9922E /* AppDelegate.swift */ = {isa = PBXFileReference; lastKnownFileType = sourcecode.swift; path = AppDelegate.swift; sourceTree = "<group>"; };
		C93450C51A995FDE00E9922E /* ViewController.swift */ = {isa = PBXFileReference; lastKnownFileType = sourcecode.swift; path = ViewController.swift; sourceTree = "<group>"; };
		C93450C81A995FDE00E9922E /* Base */ = {isa = PBXFileReference; lastKnownFileType = file.storyboard; name = Base; path = Base.lproj/Main.storyboard; sourceTree = "<group>"; };
		C93450CA1A995FDE00E9922E /* Images.xcassets */ = {isa = PBXFileReference; lastKnownFileType = folder.assetcatalog; path = Images.xcassets; sourceTree = "<group>"; };
		C93450CD1A995FDE00E9922E /* Base */ = {isa = PBXFileReference; lastKnownFileType = file.xib; name = Base; path = Base.lproj/LaunchScreen.xib; sourceTree = "<group>"; };
		C93450D31A995FDE00E9922E /* CFandNSandStringTestsTests.xctest */ = {isa = PBXFileReference; explicitFileType = wrapper.cfbundle; includeInIndex = 0; path = CFandNSandStringTestsTests.xctest; sourceTree = BUILT_PRODUCTS_DIR; };
		C93450D81A995FDE00E9922E /* Info.plist */ = {isa = PBXFileReference; lastKnownFileType = text.plist.xml; path = Info.plist; sourceTree = "<group>"; };
		C93450D91A995FDE00E9922E /* CFandNSandStringTestsTests.swift */ = {isa = PBXFileReference; lastKnownFileType = sourcecode.swift; path = CFandNSandStringTestsTests.swift; sourceTree = "<group>"; };
/* End PBXFileReference section */

/* Begin PBXFrameworksBuildPhase section */
		C93450BB1A995FDE00E9922E /* Frameworks */ = {
			isa = PBXFrameworksBuildPhase;
			buildActionMask = 2147483647;
			files = (
			);
			runOnlyForDeploymentPostprocessing = 0;
		};
		C93450D01A995FDE00E9922E /* Frameworks */ = {
			isa = PBXFrameworksBuildPhase;
			buildActionMask = 2147483647;
			files = (
			);
			runOnlyForDeploymentPostprocessing = 0;
		};
/* End PBXFrameworksBuildPhase section */

/* Begin PBXGroup section */
		C93450B51A995FDE00E9922E = {
			isa = PBXGroup;
			children = (
				C93450C01A995FDE00E9922E /* CFandNSandStringTests */,
				C93450D61A995FDE00E9922E /* CFandNSandStringTestsTests */,
				C93450BF1A995FDE00E9922E /* Products */,
			);
			sourceTree = "<group>";
		};
		C93450BF1A995FDE00E9922E /* Products */ = {
			isa = PBXGroup;
			children = (
				C93450BE1A995FDE00E9922E /* CFandNSandStringTests.app */,
				C93450D31A995FDE00E9922E /* CFandNSandStringTestsTests.xctest */,
			);
			name = Products;
			sourceTree = "<group>";
		};
		C93450C01A995FDE00E9922E /* CFandNSandStringTests */ = {
			isa = PBXGroup;
			children = (
				C93450C31A995FDE00E9922E /* AppDelegate.swift */,
				C93450C51A995FDE00E9922E /* ViewController.swift */,
				C93450C71A995FDE00E9922E /* Main.storyboard */,
				C93450CA1A995FDE00E9922E /* Images.xcassets */,
				C93450CC1A995FDE00E9922E /* LaunchScreen.xib */,
				C93450C11A995FDE00E9922E /* Supporting Files */,
			);
			path = CFandNSandStringTests;
			sourceTree = "<group>";
		};
		C93450C11A995FDE00E9922E /* Supporting Files */ = {
			isa = PBXGroup;
			children = (
				C93450C21A995FDE00E9922E /* Info.plist */,
			);
			name = "Supporting Files";
			sourceTree = "<group>";
		};
		C93450D61A995FDE00E9922E /* CFandNSandStringTestsTests */ = {
			isa = PBXGroup;
			children = (
				C93450D91A995FDE00E9922E /* CFandNSandStringTestsTests.swift */,
				C93450D71A995FDE00E9922E /* Supporting Files */,
			);
			path = CFandNSandStringTestsTests;
			sourceTree = "<group>";
		};
		C93450D71A995FDE00E9922E /* Supporting Files */ = {
			isa = PBXGroup;
			children = (
				C93450D81A995FDE00E9922E /* Info.plist */,
			);
			name = "Supporting Files";
			sourceTree = "<group>";
		};
/* End PBXGroup section */

/* Begin PBXNativeTarget section */
		C93450BD1A995FDE00E9922E /* CFandNSandStringTests */ = {
			isa = PBXNativeTarget;
			buildConfigurationList = C93450DD1A995FDE00E9922E /* Build configuration list for PBXNativeTarget "CFandNSandStringTests" */;
			buildPhases = (
				C93450BA1A995FDE00E9922E /* Sources */,
				C93450BB1A995FDE00E9922E /* Frameworks */,
				C93450BC1A995FDE00E9922E /* Resources */,
			);
			buildRules = (
			);
			dependencies = (
			);
			name = CFandNSandStringTests;
			productName = CFandNSandStringTests;
			productReference = C93450BE1A995FDE00E9922E /* CFandNSandStringTests.app */;
			productType = "com.apple.product-type.application";
		};
		C93450D21A995FDE00E9922E /* CFandNSandStringTestsTests */ = {
			isa = PBXNativeTarget;
			buildConfigurationList = C93450E01A995FDE00E9922E /* Build configuration list for PBXNativeTarget "CFandNSandStringTestsTests" */;
			buildPhases = (
				C93450CF1A995FDE00E9922E /* Sources */,
				C93450D01A995FDE00E9922E /* Frameworks */,
				C93450D11A995FDE00E9922E /* Resources */,
			);
			buildRules = (
			);
			dependencies = (
				C93450D51A995FDE00E9922E /* PBXTargetDependency */,
			);
			name = CFandNSandStringTestsTests;
			productName = CFandNSandStringTestsTests;
			productReference = C93450D31A995FDE00E9922E /* CFandNSandStringTestsTests.xctest */;
			productType = "com.apple.product-type.bundle.unit-test";
		};
/* End PBXNativeTarget section */

/* Begin PBXProject section */
		C93450B61A995FDE00E9922E /* Project object */ = {
			isa = PBXProject;
			attributes = {
				LastUpgradeCheck = 0630;
				ORGANIZATIONNAME = "Michael Prenez-Isbell";
				TargetAttributes = {
					C93450BD1A995FDE00E9922E = {
						CreatedOnToolsVersion = 6.3;
					};
					C93450D21A995FDE00E9922E = {
						CreatedOnToolsVersion = 6.3;
						TestTargetID = C93450BD1A995FDE00E9922E;
					};
				};
			};
			buildConfigurationList = C93450B91A995FDE00E9922E /* Build configuration list for PBXProject "CFandNSandStringTests" */;
			compatibilityVersion = "Xcode 3.2";
			developmentRegion = English;
			hasScannedForEncodings = 0;
			knownRegions = (
				en,
				Base,
			);
			mainGroup = C93450B51A995FDE00E9922E;
			productRefGroup = C93450BF1A995FDE00E9922E /* Products */;
			projectDirPath = "";
			projectRoot = "";
			targets = (
				C93450BD1A995FDE00E9922E /* CFandNSandStringTests */,
				C93450D21A995FDE00E9922E /* CFandNSandStringTestsTests */,
			);
		};
/* End PBXProject section */

/* Begin PBXResourcesBuildPhase section */
		C93450BC1A995FDE00E9922E /* Resources */ = {
			isa = PBXResourcesBuildPhase;
			buildActionMask = 2147483647;
			files = (
				C93450C91A995FDE00E9922E /* Main.storyboard in Resources */,
				C93450CE1A995FDE00E9922E /* LaunchScreen.xib in Resources */,
				C93450CB1A995FDE00E9922E /* Images.xcassets in Resources */,
			);
			runOnlyForDeploymentPostprocessing = 0;
		};
		C93450D11A995FDE00E9922E /* Resources */ = {
			isa = PBXResourcesBuildPhase;
			buildActionMask = 2147483647;
			files = (
			);
			runOnlyForDeploymentPostprocessing = 0;
		};
/* End PBXResourcesBuildPhase section */

/* Begin PBXSourcesBuildPhase section */
		C93450BA1A995FDE00E9922E /* Sources */ = {
			isa = PBXSourcesBuildPhase;
			buildActionMask = 2147483647;
			files = (
				C93450C61A995FDE00E9922E /* ViewController.swift in Sources */,
				C93450C41A995FDE00E9922E /* AppDelegate.swift in Sources */,
			);
			runOnlyForDeploymentPostprocessing = 0;
		};
		C93450CF1A995FDE00E9922E /* Sources */ = {
			isa = PBXSourcesBuildPhase;
			buildActionMask = 2147483647;
			files = (
				C93450DA1A995FDE00E9922E /* CFandNSandStringTestsTests.swift in Sources */,
			);
			runOnlyForDeploymentPostprocessing = 0;
		};
/* End PBXSourcesBuildPhase section */

/* Begin PBXTargetDependency section */
		C93450D51A995FDE00E9922E /* PBXTargetDependency */ = {
			isa = PBXTargetDependency;
			target = C93450BD1A995FDE00E9922E /* CFandNSandStringTests */;
			targetProxy = C93450D41A995FDE00E9922E /* PBXContainerItemProxy */;
		};
/* End PBXTargetDependency section */

/* Begin PBXVariantGroup section */
		C93450C71A995FDE00E9922E /* Main.storyboard */ = {
			isa = PBXVariantGroup;
			children = (
				C93450C81A995FDE00E9922E /* Base */,
			);
			name = Main.storyboard;
			sourceTree = "<group>";
		};
		C93450CC1A995FDE00E9922E /* LaunchScreen.xib */ = {
			isa = PBXVariantGroup;
			children = (
				C93450CD1A995FDE00E9922E /* Base */,
			);
			name = LaunchScreen.xib;
			sourceTree = "<group>";
		};
/* End PBXVariantGroup section */

/* Begin XCBuildConfiguration section */
		C93450DB1A995FDE00E9922E /* Debug */ = {
			isa = XCBuildConfiguration;
			buildSettings = {
				ALWAYS_SEARCH_USER_PATHS = NO;
				CLANG_CXX_LANGUAGE_STANDARD = "gnu++0x";
				CLANG_CXX_LIBRARY = "libc++";
				CLANG_ENABLE_MODULES = YES;
				CLANG_ENABLE_OBJC_ARC = YES;
				CLANG_WARN_BOOL_CONVERSION = YES;
				CLANG_WARN_CONSTANT_CONVERSION = YES;
				CLANG_WARN_DIRECT_OBJC_ISA_USAGE = YES_ERROR;
				CLANG_WARN_EMPTY_BODY = YES;
				CLANG_WARN_ENUM_CONVERSION = YES;
				CLANG_WARN_INT_CONVERSION = YES;
				CLANG_WARN_OBJC_ROOT_CLASS = YES_ERROR;
				CLANG_WARN_UNREACHABLE_CODE = YES;
				CLANG_WARN__DUPLICATE_METHOD_MATCH = YES;
				"CODE_SIGN_IDENTITY[sdk=iphoneos*]" = "iPhone Developer";
				COPY_PHASE_STRIP = NO;
				DEBUG_INFORMATION_FORMAT = dwarf;
				ENABLE_STRICT_OBJC_MSGSEND = YES;
				GCC_C_LANGUAGE_STANDARD = gnu99;
				GCC_DYNAMIC_NO_PIC = NO;
				GCC_OPTIMIZATION_LEVEL = 0;
				GCC_PREPROCESSOR_DEFINITIONS = (
					"DEBUG=1",
					"$(inherited)",
				);
				GCC_SYMBOLS_PRIVATE_EXTERN = NO;
				GCC_WARN_64_TO_32_BIT_CONVERSION = YES;
				GCC_WARN_ABOUT_RETURN_TYPE = YES_ERROR;
				GCC_WARN_UNDECLARED_SELECTOR = YES;
				GCC_WARN_UNINITIALIZED_AUTOS = YES_AGGRESSIVE;
				GCC_WARN_UNUSED_FUNCTION = YES;
				GCC_WARN_UNUSED_VARIABLE = YES;
				IPHONEOS_DEPLOYMENT_TARGET = 8.3;
				MTL_ENABLE_DEBUG_INFO = YES;
				ONLY_ACTIVE_ARCH = YES;
				SDKROOT = iphoneos;
				SWIFT_OPTIMIZATION_LEVEL = "-Onone";
			};
			name = Debug;
		};
		C93450DC1A995FDE00E9922E /* Release */ = {
			isa = XCBuildConfiguration;
			buildSettings = {
				ALWAYS_SEARCH_USER_PATHS = NO;
				CLANG_CXX_LANGUAGE_STANDARD = "gnu++0x";
				CLANG_CXX_LIBRARY = "libc++";
				CLANG_ENABLE_MODULES = YES;
				CLANG_ENABLE_OBJC_ARC = YES;
				CLANG_WARN_BOOL_CONVERSION = YES;
				CLANG_WARN_CONSTANT_CONVERSION = YES;
				CLANG_WARN_DIRECT_OBJC_ISA_USAGE = YES_ERROR;
				CLANG_WARN_EMPTY_BODY = YES;
				CLANG_WARN_ENUM_CONVERSION = YES;
				CLANG_WARN_INT_CONVERSION = YES;
				CLANG_WARN_OBJC_ROOT_CLASS = YES_ERROR;
				CLANG_WARN_UNREACHABLE_CODE = YES;
				CLANG_WARN__DUPLICATE_METHOD_MATCH = YES;
				"CODE_SIGN_IDENTITY[sdk=iphoneos*]" = "iPhone Developer";
				COPY_PHASE_STRIP = NO;
				DEBUG_INFORMATION_FORMAT = "dwarf-with-dsym";
				ENABLE_NS_ASSERTIONS = NO;
				ENABLE_STRICT_OBJC_MSGSEND = YES;
				GCC_C_LANGUAGE_STANDARD = gnu99;
				GCC_WARN_64_TO_32_BIT_CONVERSION = YES;
				GCC_WARN_ABOUT_RETURN_TYPE = YES_ERROR;
				GCC_WARN_UNDECLARED_SELECTOR = YES;
				GCC_WARN_UNINITIALIZED_AUTOS = YES_AGGRESSIVE;
				GCC_WARN_UNUSED_FUNCTION = YES;
				GCC_WARN_UNUSED_VARIABLE = YES;
				IPHONEOS_DEPLOYMENT_TARGET = 8.3;
				MTL_ENABLE_DEBUG_INFO = NO;
				SDKROOT = iphoneos;
				VALIDATE_PRODUCT = YES;
			};
			name = Release;
		};
		C93450DE1A995FDE00E9922E /* Debug */ = {
			isa = XCBuildConfiguration;
			buildSettings = {
				ASSETCATALOG_COMPILER_APPICON_NAME = AppIcon;
				INFOPLIST_FILE = CFandNSandStringTests/Info.plist;
				LD_RUNPATH_SEARCH_PATHS = "$(inherited) @executable_path/Frameworks";
				PRODUCT_NAME = "$(TARGET_NAME)";
			};
			name = Debug;
		};
		C93450DF1A995FDE00E9922E /* Release */ = {
			isa = XCBuildConfiguration;
			buildSettings = {
				ASSETCATALOG_COMPILER_APPICON_NAME = AppIcon;
				INFOPLIST_FILE = CFandNSandStringTests/Info.plist;
				LD_RUNPATH_SEARCH_PATHS = "$(inherited) @executable_path/Frameworks";
				PRODUCT_NAME = "$(TARGET_NAME)";
			};
			name = Release;
		};
		C93450E11A995FDE00E9922E /* Debug */ = {
			isa = XCBuildConfiguration;
			buildSettings = {
				BUNDLE_LOADER = "$(TEST_HOST)";
				FRAMEWORK_SEARCH_PATHS = (
					"$(SDKROOT)/Developer/Library/Frameworks",
					"$(inherited)",
				);
				GCC_PREPROCESSOR_DEFINITIONS = (
					"DEBUG=1",
					"$(inherited)",
				);
				INFOPLIST_FILE = CFandNSandStringTestsTests/Info.plist;
				LD_RUNPATH_SEARCH_PATHS = "$(inherited) @executable_path/Frameworks @loader_path/Frameworks";
				PRODUCT_NAME = "$(TARGET_NAME)";
				TEST_HOST = "$(BUILT_PRODUCTS_DIR)/CFandNSandStringTests.app/CFandNSandStringTests";
			};
			name = Debug;
		};
		C93450E21A995FDE00E9922E /* Release */ = {
			isa = XCBuildConfiguration;
			buildSettings = {
				BUNDLE_LOADER = "$(TEST_HOST)";
				FRAMEWORK_SEARCH_PATHS = (
					"$(SDKROOT)/Developer/Library/Frameworks",
					"$(inherited)",
				);
				INFOPLIST_FILE = CFandNSandStringTestsTests/Info.plist;
				LD_RUNPATH_SEARCH_PATHS = "$(inherited) @executable_path/Frameworks @loader_path/Frameworks";
				PRODUCT_NAME = "$(TARGET_NAME)";
				TEST_HOST = "$(BUILT_PRODUCTS_DIR)/CFandNSandStringTests.app/CFandNSandStringTests";
			};
			name = Release;
		};
/* End XCBuildConfiguration section */

/* Begin XCConfigurationList section */
		C93450B91A995FDE00E9922E /* Build configuration list for PBXProject "CFandNSandStringTests" */ = {
			isa = XCConfigurationList;
			buildConfigurations = (
				C93450DB1A995FDE00E9922E /* Debug */,
				C93450DC1A995FDE00E9922E /* Release */,
			);
			defaultConfigurationIsVisible = 0;
			defaultConfigurationName = Release;
		};
		C93450DD1A995FDE00E9922E /* Build configuration list for PBXNativeTarget "CFandNSandStringTests" */ = {
			isa = XCConfigurationList;
			buildConfigurations = (
				C93450DE1A995FDE00E9922E /* Debug */,
				C93450DF1A995FDE00E9922E /* Release */,
			);
			defaultConfigurationIsVisible = 0;
		};
		C93450E01A995FDE00E9922E /* Build configuration list for PBXNativeTarget "CFandNSandStringTestsTests" */ = {
			isa = XCConfigurationList;
			buildConfigurations = (
				C93450E11A995FDE00E9922E /* Debug */,
				C93450E21A995FDE00E9922E /* Release */,
			);
			defaultConfigurationIsVisible = 0;
		};
/* End XCConfigurationList section */
	};
	rootObject = C93450B61A995FDE00E9922E /* Project object */;
}
